
Microsoft Visual Studio Solution File, Format Version 12.00
# Visual Studio Version 16
VisualStudioVersion = 16.0.35130.168
MinimumVisualStudioVersion = 10.0.40219.1
Project("{FAE04EC0-301F-11D3-BF4B-00C04F79EFBC}") = "10_01", "10_01.csproj", "{8AF8FF3B-61D4-4EBA-9FDA-85C5F29B618F}"
EndProject
Global
	GlobalSection(SolutionConfigurationPlatforms) = preSolution
		Debug|Any CPU = Debug|Any CPU
		Release|Any CPU = Release|Any CPU
	EndGlobalSection
	GlobalSection(ProjectConfigurationPlatforms) = postSolution
		{8AF8FF3B-61D4-4EBA-9FDA-85C5F29B618F}.Debug|Any CPU.ActiveCfg = Debug|Any CPU
		{8AF8FF3B-61D4-4EBA-9FDA-85C5F29B618F}.Debug|Any CPU.Build.0 = Debug|Any CPU
		{8AF8FF3B-61D4-4EBA-9FDA-85C5F29B618F}.Release|Any CPU.ActiveCfg = Release|Any CPU
		{8AF8FF3B-61D4-4EBA-9FDA-85C5F29B618F}.Release|Any CPU.Build.0 = Release|Any CPU
	EndGlobalSection
	GlobalSection(SolutionProperties) = preSolution
		HideSolutionNode = FALSE
	EndGlobalSection
	GlobalSection(ExtensibilityGlobals) = postSolution
		SolutionGuid = {7E398DB6-8B2B-4B26-9524-5E47C939186A}
	EndGlobalSection
EndGlobal
